
Microsoft Visual Studio Solution File, Format Version 12.00
# Visual Studio Version 17
VisualStudioVersion = 17.3.32825.248
MinimumVisualStudioVersion = 10.0.40219.1
Project("{FAE04EC0-301F-11D3-BF4B-00C04F79EFBC}") = "Week7Functions", "Week7Functions\Week7Functions.csproj", "{0BA12246-C2A5-4D3D-8F49-C59D1A58E5D6}"
EndProject
Project("{FAE04EC0-301F-11D3-BF4B-00C04F79EFBC}") = "ArgumentsAndParameters", "ArgumentsAndParameters\ArgumentsAndParameters.csproj", "{D30DAB16-EE02-464C-AF82-F3142A241D5C}"
EndProject
Project("{FAE04EC0-301F-11D3-BF4B-00C04F79EFBC}") = "Calculator", "Calculator\Calculator.csproj", "{98D6F736-7819-4A99-9AEC-E58D3F3DC14C}"
EndProject
Project("{FAE04EC0-301F-11D3-BF4B-00C04F79EFBC}") = "DiscountCalculator", "DiscountCalculator\DiscountCalculator.csproj", "{133C8039-1BC8-4FB1-B647-78FA9011257D}"
EndProject
Global
	GlobalSection(SolutionConfigurationPlatforms) = preSolution
		Debug|Any CPU = Debug|Any CPU
		Release|Any CPU = Release|Any CPU
	EndGlobalSection
	GlobalSection(ProjectConfigurationPlatforms) = postSolution
		{0BA12246-C2A5-4D3D-8F49-C59D1A58E5D6}.Debug|Any CPU.ActiveCfg = Debug|Any CPU
		{0BA12246-C2A5-4D3D-8F49-C59D1A58E5D6}.Debug|Any CPU.Build.0 = Debug|Any CPU
		{0BA12246-C2A5-4D3D-8F49-C59D1A58E5D6}.Release|Any CPU.ActiveCfg = Release|Any CPU
		{0BA12246-C2A5-4D3D-8F49-C59D1A58E5D6}.Release|Any CPU.Build.0 = Release|Any CPU
		{D30DAB16-EE02-464C-AF82-F3142A241D5C}.Debug|Any CPU.ActiveCfg = Debug|Any CPU
		{D30DAB16-EE02-464C-AF82-F3142A241D5C}.Debug|Any CPU.Build.0 = Debug|Any CPU
		{D30DAB16-EE02-464C-AF82-F3142A241D5C}.Release|Any CPU.ActiveCfg = Release|Any CPU
		{D30DAB16-EE02-464C-AF82-F3142A241D5C}.Release|Any CPU.Build.0 = Release|Any CPU
		{98D6F736-7819-4A99-9AEC-E58D3F3DC14C}.Debug|Any CPU.ActiveCfg = Debug|Any CPU
		{98D6F736-7819-4A99-9AEC-E58D3F3DC14C}.Debug|Any CPU.Build.0 = Debug|Any CPU
		{98D6F736-7819-4A99-9AEC-E58D3F3DC14C}.Release|Any CPU.ActiveCfg = Release|Any CPU
		{98D6F736-7819-4A99-9AEC-E58D3F3DC14C}.Release|Any CPU.Build.0 = Release|Any CPU
		{133C8039-1BC8-4FB1-B647-78FA9011257D}.Debug|Any CPU.ActiveCfg = Debug|Any CPU
		{133C8039-1BC8-4FB1-B647-78FA9011257D}.Debug|Any CPU.Build.0 = Debug|Any CPU
		{133C8039-1BC8-4FB1-B647-78FA9011257D}.Release|Any CPU.ActiveCfg = Release|Any CPU
		{133C8039-1BC8-4FB1-B647-78FA9011257D}.Release|Any CPU.Build.0 = Release|Any CPU
	EndGlobalSection
	GlobalSection(SolutionProperties) = preSolution
		HideSolutionNode = FALSE
	EndGlobalSection
	GlobalSection(ExtensibilityGlobals) = postSolution
		SolutionGuid = {7C489886-DA04-4947-840B-6D495F0D821F}
	EndGlobalSection
EndGlobal
